
Microsoft Visual Studio Solution File, Format Version 12.00
# Visual Studio Version 17
VisualStudioVersion = 17.2.32519.379
MinimumVisualStudioVersion = 10.0.40219.1
Project("{FAE04EC0-301F-11D3-BF4B-00C04F79EFBC}") = "WebTest", "WebTest.csproj", "{7B059789-A1A9-4C3E-84E1-60CF2EA248E3}"
EndProject
Global
	GlobalSection(SolutionConfigurationPlatforms) = preSolution
		Debug|Any CPU = Debug|Any CPU
		Release|Any CPU = Release|Any CPU
	EndGlobalSection
	GlobalSection(ProjectConfigurationPlatforms) = postSolution
		{7B059789-A1A9-4C3E-84E1-60CF2EA248E3}.Debug|Any CPU.ActiveCfg = Debug|Any CPU
		{7B059789-A1A9-4C3E-84E1-60CF2EA248E3}.Debug|Any CPU.Build.0 = Debug|Any CPU
		{7B059789-A1A9-4C3E-84E1-60CF2EA248E3}.Release|Any CPU.ActiveCfg = Release|Any CPU
		{7B059789-A1A9-4C3E-84E1-60CF2EA248E3}.Release|Any CPU.Build.0 = Release|Any CPU
	EndGlobalSection
	GlobalSection(SolutionProperties) = preSolution
		HideSolutionNode = FALSE
	EndGlobalSection
	GlobalSection(ExtensibilityGlobals) = postSolution
		SolutionGuid = {28279D0C-2EBC-4BAD-80FE-625AF06D64A0}
	EndGlobalSection
EndGlobal
